// !$*UTF8*$!
{
	archiveVersion = 1;
	classes = {
	};
	objectVersion = 56;
	objects = {

/* Begin PBXBuildFile section */
		762E1F172A51B43500E1DFCC /* TableViewController.swift in Sources */ = {isa = PBXBuildFile; fileRef = 762E1F152A51B43500E1DFCC /* TableViewController.swift */; };
		762E1F1C2A51B5B000E1DFCC /* TableViewController.storyboard in Resources */ = {isa = PBXBuildFile; fileRef = 762E1F1B2A51B5B000E1DFCC /* TableViewController.storyboard */; };
		762E1F1E2A526CAE00E1DFCC /* Cell_touch_event.swift in Sources */ = {isa = PBXBuildFile; fileRef = 762E1F1D2A526CAE00E1DFCC /* Cell_touch_event.swift */; };
		762EBFC92A70D616008882B9 /* SerectFood.swift in Sources */ = {isa = PBXBuildFile; fileRef = 762EBFC82A70D616008882B9 /* SerectFood.swift */; };
		762EBFCD2A71455A008882B9 /* ViewPresenter.swift in Sources */ = {isa = PBXBuildFile; fileRef = 762EBFCC2A71455A008882B9 /* ViewPresenter.swift */; };
		762EBFCF2A71456D008882B9 /* ViewModel.swift in Sources */ = {isa = PBXBuildFile; fileRef = 762EBFCE2A71456D008882B9 /* ViewModel.swift */; };
		762EBFD42A72CDF7008882B9 /* SerectDataTableViewCell.swift in Sources */ = {isa = PBXBuildFile; fileRef = 762EBFD22A72CDF7008882B9 /* SerectDataTableViewCell.swift */; };
		762EBFD52A72CDF7008882B9 /* SerectDataTableViewCell.xib in Resources */ = {isa = PBXBuildFile; fileRef = 762EBFD32A72CDF7008882B9 /* SerectDataTableViewCell.xib */; };
		76B1393B2A6D2B0B00B2518E /* GoogleService-Info.plist in Resources */ = {isa = PBXBuildFile; fileRef = 76B1393A2A6D2B0A00B2518E /* GoogleService-Info.plist */; };
		76B139402A6D371B00B2518E /* Localizable.strings(Japanese) in Resources */ = {isa = PBXBuildFile; fileRef = 76B1393F2A6D371B00B2518E /* Localizable.strings(Japanese) */; };
		76D57F302A4961890090DE94 /* AsaTableViewCell.swift in Sources */ = {isa = PBXBuildFile; fileRef = 76D57F2E2A4961890090DE94 /* AsaTableViewCell.swift */; };
		76D57F312A4961890090DE94 /* AsaTableViewCell.xib in Resources */ = {isa = PBXBuildFile; fileRef = 76D57F2F2A4961890090DE94 /* AsaTableViewCell.xib */; };
		76D57F342A4961CC0090DE94 /* HiruTableViewCell.swift in Sources */ = {isa = PBXBuildFile; fileRef = 76D57F322A4961CC0090DE94 /* HiruTableViewCell.swift */; };
		76D57F352A4961CC0090DE94 /* HiruTableViewCell.xib in Resources */ = {isa = PBXBuildFile; fileRef = 76D57F332A4961CC0090DE94 /* HiruTableViewCell.xib */; };
		76D57F382A4961E70090DE94 /* YoruTableViewCell.swift in Sources */ = {isa = PBXBuildFile; fileRef = 76D57F362A4961E70090DE94 /* YoruTableViewCell.swift */; };
		76D57F392A4961E70090DE94 /* YoruTableViewCell.xib in Resources */ = {isa = PBXBuildFile; fileRef = 76D57F372A4961E70090DE94 /* YoruTableViewCell.xib */; };
		76F6E6202A5956650087C063 /* SearchFood.swift in Sources */ = {isa = PBXBuildFile; fileRef = 76F6E61F2A5956650087C063 /* SearchFood.swift */; };
		76F6E6252A5CF2F00087C063 /* AddTableViewCell.swift in Sources */ = {isa = PBXBuildFile; fileRef = 76F6E6232A5CF2F00087C063 /* AddTableViewCell.swift */; };
		76F6E6262A5CF2F00087C063 /* AddTableViewCell.xib in Resources */ = {isa = PBXBuildFile; fileRef = 76F6E6242A5CF2F00087C063 /* AddTableViewCell.xib */; };
		76F6E6292A5CF4F00087C063 /* SearchFoodPresenter.swift in Sources */ = {isa = PBXBuildFile; fileRef = 76F6E6282A5CF4F00087C063 /* SearchFoodPresenter.swift */; };
		76F6E62C2A652BD50087C063 /* MemoCalendarAppCheck.swift in Sources */ = {isa = PBXBuildFile; fileRef = 76F6E62B2A652BD50087C063 /* MemoCalendarAppCheck.swift */; };
		76F6E6342A6CD0AC0087C063 /* SigninViewController.swift in Sources */ = {isa = PBXBuildFile; fileRef = 76F6E6322A6CD0AC0087C063 /* SigninViewController.swift */; };
		76F6E6372A6CD7FF0087C063 /* SigninViewController.storyboard in Resources */ = {isa = PBXBuildFile; fileRef = 76F6E6362A6CD7FF0087C063 /* SigninViewController.storyboard */; };
		76FF55222A41F09C001C500F /* AppDelegate.swift in Sources */ = {isa = PBXBuildFile; fileRef = 76FF55212A41F09C001C500F /* AppDelegate.swift */; };
		76FF55242A41F09C001C500F /* SceneDelegate.swift in Sources */ = {isa = PBXBuildFile; fileRef = 76FF55232A41F09C001C500F /* SceneDelegate.swift */; };
		76FF55262A41F09C001C500F /* ViewController.swift in Sources */ = {isa = PBXBuildFile; fileRef = 76FF55252A41F09C001C500F /* ViewController.swift */; };
		76FF55292A41F09C001C500F /* Main.storyboard in Resources */ = {isa = PBXBuildFile; fileRef = 76FF55272A41F09C001C500F /* Main.storyboard */; };
		76FF552B2A41F09F001C500F /* Assets.xcassets in Resources */ = {isa = PBXBuildFile; fileRef = 76FF552A2A41F09F001C500F /* Assets.xcassets */; };
		76FF552E2A41F09F001C500F /* LaunchScreen.storyboard in Resources */ = {isa = PBXBuildFile; fileRef = 76FF552C2A41F09F001C500F /* LaunchScreen.storyboard */; };
		76FF55372A428D20001C500F /* DayTableViewCell.swift in Sources */ = {isa = PBXBuildFile; fileRef = 76FF55352A428D20001C500F /* DayTableViewCell.swift */; };
		76FF55382A428D20001C500F /* DayTableViewCell.xib in Resources */ = {isa = PBXBuildFile; fileRef = 76FF55362A428D20001C500F /* DayTableViewCell.xib */; };
		EF5741030391602269DA602D /* Pods_MemoCalendar.framework in Frameworks */ = {isa = PBXBuildFile; fileRef = CF26F6B2B9F6FCAC9AAA616B /* Pods_MemoCalendar.framework */; };
/* End PBXBuildFile section */

/* Begin PBXFileReference section */
		526CE15DB937DE2B2B0CA481 /* Pods-MemoCalendar.debug.xcconfig */ = {isa = PBXFileReference; includeInIndex = 1; lastKnownFileType = text.xcconfig; name = "Pods-MemoCalendar.debug.xcconfig"; path = "Target Support Files/Pods-MemoCalendar/Pods-MemoCalendar.debug.xcconfig"; sourceTree = "<group>"; };
		762E1F152A51B43500E1DFCC /* TableViewController.swift */ = {isa = PBXFileReference; lastKnownFileType = sourcecode.swift; path = TableViewController.swift; sourceTree = "<group>"; };
		762E1F1B2A51B5B000E1DFCC /* TableViewController.storyboard */ = {isa = PBXFileReference; lastKnownFileType = file.storyboard; path = TableViewController.storyboard; sourceTree = "<group>"; };
		762E1F1D2A526CAE00E1DFCC /* Cell_touch_event.swift */ = {isa = PBXFileReference; lastKnownFileType = sourcecode.swift; path = Cell_touch_event.swift; sourceTree = "<group>"; };
		762EBFC82A70D616008882B9 /* SerectFood.swift */ = {isa = PBXFileReference; lastKnownFileType = sourcecode.swift; path = SerectFood.swift; sourceTree = "<group>"; };
		762EBFCC2A71455A008882B9 /* ViewPresenter.swift */ = {isa = PBXFileReference; lastKnownFileType = sourcecode.swift; path = ViewPresenter.swift; sourceTree = "<group>"; };
		762EBFCE2A71456D008882B9 /* ViewModel.swift */ = {isa = PBXFileReference; lastKnownFileType = sourcecode.swift; path = ViewModel.swift; sourceTree = "<group>"; };
		762EBFD22A72CDF7008882B9 /* SerectDataTableViewCell.swift */ = {isa = PBXFileReference; lastKnownFileType = sourcecode.swift; path = SerectDataTableViewCell.swift; sourceTree = "<group>"; };
		762EBFD32A72CDF7008882B9 /* SerectDataTableViewCell.xib */ = {isa = PBXFileReference; lastKnownFileType = file.xib; path = SerectDataTableViewCell.xib; sourceTree = "<group>"; };
		76B1393A2A6D2B0A00B2518E /* GoogleService-Info.plist */ = {isa = PBXFileReference; fileEncoding = 4; lastKnownFileType = text.plist.xml; path = "GoogleService-Info.plist"; sourceTree = "<group>"; };
		76B1393F2A6D371B00B2518E /* Localizable.strings(Japanese) */ = {isa = PBXFileReference; lastKnownFileType = text; path = "Localizable.strings(Japanese)"; sourceTree = "<group>"; };
		76D57F2E2A4961890090DE94 /* AsaTableViewCell.swift */ = {isa = PBXFileReference; lastKnownFileType = sourcecode.swift; path = AsaTableViewCell.swift; sourceTree = "<group>"; };
		76D57F2F2A4961890090DE94 /* AsaTableViewCell.xib */ = {isa = PBXFileReference; lastKnownFileType = file.xib; path = AsaTableViewCell.xib; sourceTree = "<group>"; };
		76D57F322A4961CC0090DE94 /* HiruTableViewCell.swift */ = {isa = PBXFileReference; lastKnownFileType = sourcecode.swift; path = HiruTableViewCell.swift; sourceTree = "<group>"; };
		76D57F332A4961CC0090DE94 /* HiruTableViewCell.xib */ = {isa = PBXFileReference; lastKnownFileType = file.xib; path = HiruTableViewCell.xib; sourceTree = "<group>"; };
		76D57F362A4961E70090DE94 /* YoruTableViewCell.swift */ = {isa = PBXFileReference; lastKnownFileType = sourcecode.swift; path = YoruTableViewCell.swift; sourceTree = "<group>"; };
		76D57F372A4961E70090DE94 /* YoruTableViewCell.xib */ = {isa = PBXFileReference; lastKnownFileType = file.xib; path = YoruTableViewCell.xib; sourceTree = "<group>"; };
		76F6E61F2A5956650087C063 /* SearchFood.swift */ = {isa = PBXFileReference; lastKnownFileType = sourcecode.swift; path = SearchFood.swift; sourceTree = "<group>"; };
		76F6E6232A5CF2F00087C063 /* AddTableViewCell.swift */ = {isa = PBXFileReference; lastKnownFileType = sourcecode.swift; path = AddTableViewCell.swift; sourceTree = "<group>"; };
		76F6E6242A5CF2F00087C063 /* AddTableViewCell.xib */ = {isa = PBXFileReference; lastKnownFileType = file.xib; path = AddTableViewCell.xib; sourceTree = "<group>"; };
		76F6E6282A5CF4F00087C063 /* SearchFoodPresenter.swift */ = {isa = PBXFileReference; lastKnownFileType = sourcecode.swift; path = SearchFoodPresenter.swift; sourceTree = "<group>"; };
		76F6E62A2A6520250087C063 /* MemoCalendar.entitlements */ = {isa = PBXFileReference; lastKnownFileType = text.plist.entitlements; path = MemoCalendar.entitlements; sourceTree = "<group>"; };
		76F6E62B2A652BD50087C063 /* MemoCalendarAppCheck.swift */ = {isa = PBXFileReference; lastKnownFileType = sourcecode.swift; path = MemoCalendarAppCheck.swift; sourceTree = "<group>"; };
		76F6E6322A6CD0AC0087C063 /* SigninViewController.swift */ = {isa = PBXFileReference; lastKnownFileType = sourcecode.swift; path = SigninViewController.swift; sourceTree = "<group>"; };
		76F6E6362A6CD7FF0087C063 /* SigninViewController.storyboard */ = {isa = PBXFileReference; lastKnownFileType = file.storyboard; path = SigninViewController.storyboard; sourceTree = "<group>"; };
		76FF551E2A41F09C001C500F /* MemoCalendar.app */ = {isa = PBXFileReference; explicitFileType = wrapper.application; includeInIndex = 0; path = MemoCalendar.app; sourceTree = BUILT_PRODUCTS_DIR; };
		76FF55212A41F09C001C500F /* AppDelegate.swift */ = {isa = PBXFileReference; lastKnownFileType = sourcecode.swift; path = AppDelegate.swift; sourceTree = "<group>"; };
		76FF55232A41F09C001C500F /* SceneDelegate.swift */ = {isa = PBXFileReference; lastKnownFileType = sourcecode.swift; path = SceneDelegate.swift; sourceTree = "<group>"; };
		76FF55252A41F09C001C500F /* ViewController.swift */ = {isa = PBXFileReference; lastKnownFileType = sourcecode.swift; path = ViewController.swift; sourceTree = "<group>"; };
		76FF55282A41F09C001C500F /* Base */ = {isa = PBXFileReference; lastKnownFileType = file.storyboard; name = Base; path = Base.lproj/Main.storyboard; sourceTree = "<group>"; };
		76FF552A2A41F09F001C500F /* Assets.xcassets */ = {isa = PBXFileReference; lastKnownFileType = folder.assetcatalog; path = Assets.xcassets; sourceTree = "<group>"; };
		76FF552D2A41F09F001C500F /* Base */ = {isa = PBXFileReference; lastKnownFileType = file.storyboard; name = Base; path = Base.lproj/LaunchScreen.storyboard; sourceTree = "<group>"; };
		76FF552F2A41F09F001C500F /* Info.plist */ = {isa = PBXFileReference; lastKnownFileType = text.plist.xml; path = Info.plist; sourceTree = "<group>"; };
		76FF55352A428D20001C500F /* DayTableViewCell.swift */ = {isa = PBXFileReference; lastKnownFileType = sourcecode.swift; path = DayTableViewCell.swift; sourceTree = "<group>"; };
		76FF55362A428D20001C500F /* DayTableViewCell.xib */ = {isa = PBXFileReference; lastKnownFileType = file.xib; path = DayTableViewCell.xib; sourceTree = "<group>"; };
		7E60496D47B892E905D0BAC9 /* Pods-MemoCalendar.release.xcconfig */ = {isa = PBXFileReference; includeInIndex = 1; lastKnownFileType = text.xcconfig; name = "Pods-MemoCalendar.release.xcconfig"; path = "Target Support Files/Pods-MemoCalendar/Pods-MemoCalendar.release.xcconfig"; sourceTree = "<group>"; };
		CF26F6B2B9F6FCAC9AAA616B /* Pods_MemoCalendar.framework */ = {isa = PBXFileReference; explicitFileType = wrapper.framework; includeInIndex = 0; path = Pods_MemoCalendar.framework; sourceTree = BUILT_PRODUCTS_DIR; };
/* End PBXFileReference section */

/* Begin PBXFrameworksBuildPhase section */
		76FF551B2A41F09C001C500F /* Frameworks */ = {
			isa = PBXFrameworksBuildPhase;
			buildActionMask = 2147483647;
			files = (
				EF5741030391602269DA602D /* Pods_MemoCalendar.framework in Frameworks */,
			);
			runOnlyForDeploymentPostprocessing = 0;
		};
/* End PBXFrameworksBuildPhase section */

/* Begin PBXGroup section */
		762E1F102A4F1B0F00E1DFCC /* MVP */ = {
			isa = PBXGroup;
			children = (
				762E1F132A4F1B6C00E1DFCC /* View */,
				762E1F122A4F1B6000E1DFCC /* Presenter */,
				762E1F112A4F1B2100E1DFCC /* Model */,
			);
			path = MVP;
			sourceTree = "<group>";
		};
		762E1F112A4F1B2100E1DFCC /* Model */ = {
			isa = PBXGroup;
			children = (
				76F6E61F2A5956650087C063 /* SearchFood.swift */,
				762EBFC82A70D616008882B9 /* SerectFood.swift */,
			);
			path = Model;
			sourceTree = "<group>";
		};
		762E1F122A4F1B6000E1DFCC /* Presenter */ = {
			isa = PBXGroup;
			children = (
				76F6E6282A5CF4F00087C063 /* SearchFoodPresenter.swift */,
			);
			path = Presenter;
			sourceTree = "<group>";
		};
		762E1F132A4F1B6C00E1DFCC /* View */ = {
			isa = PBXGroup;
			children = (
				762E1F152A51B43500E1DFCC /* TableViewController.swift */,
				762E1F1B2A51B5B000E1DFCC /* TableViewController.storyboard */,
				76F6E6222A5CF2C90087C063 /* Cell */,
			);
			path = View;
			sourceTree = "<group>";
		};
		762EBFCA2A714532008882B9 /* Presenter */ = {
			isa = PBXGroup;
			children = (
				762EBFCC2A71455A008882B9 /* ViewPresenter.swift */,
			);
			path = Presenter;
			sourceTree = "<group>";
		};
		762EBFCB2A714541008882B9 /* Model */ = {
			isa = PBXGroup;
			children = (
				762EBFCE2A71456D008882B9 /* ViewModel.swift */,
			);
			path = Model;
			sourceTree = "<group>";
		};
		762EBFD02A716EAE008882B9 /* View */ = {
			isa = PBXGroup;
			children = (
				76D57F2D2A4961590090DE94 /* Cell */,
				76FF55272A41F09C001C500F /* Main.storyboard */,
				76FF55252A41F09C001C500F /* ViewController.swift */,
			);
			path = View;
			sourceTree = "<group>";
		};
		76B139412A6D373100B2518E /* ja.lproj */ = {
			isa = PBXGroup;
			children = (
				76B1393F2A6D371B00B2518E /* Localizable.strings(Japanese) */,
			);
			path = ja.lproj;
			sourceTree = "<group>";
		};
		76D57F2D2A4961590090DE94 /* Cell */ = {
			isa = PBXGroup;
			children = (
				76FF55362A428D20001C500F /* DayTableViewCell.xib */,
				76FF55352A428D20001C500F /* DayTableViewCell.swift */,
				76D57F2E2A4961890090DE94 /* AsaTableViewCell.swift */,
				76D57F2F2A4961890090DE94 /* AsaTableViewCell.xib */,
				76D57F322A4961CC0090DE94 /* HiruTableViewCell.swift */,
				76D57F332A4961CC0090DE94 /* HiruTableViewCell.xib */,
				76D57F362A4961E70090DE94 /* YoruTableViewCell.swift */,
				76D57F372A4961E70090DE94 /* YoruTableViewCell.xib */,
				762E1F1D2A526CAE00E1DFCC /* Cell_touch_event.swift */,
				762EBFD22A72CDF7008882B9 /* SerectDataTableViewCell.swift */,
				762EBFD32A72CDF7008882B9 /* SerectDataTableViewCell.xib */,
			);
			path = Cell;
			sourceTree = "<group>";
		};
		76F6E6212A5CF2130087C063 /* AddTavleViewController */ = {
			isa = PBXGroup;
			children = (
				762E1F102A4F1B0F00E1DFCC /* MVP */,
			);
			path = AddTavleViewController;
			sourceTree = "<group>";
		};
		76F6E6222A5CF2C90087C063 /* Cell */ = {
			isa = PBXGroup;
			children = (
				76F6E6232A5CF2F00087C063 /* AddTableViewCell.swift */,
				76F6E6242A5CF2F00087C063 /* AddTableViewCell.xib */,
			);
			path = Cell;
			sourceTree = "<group>";
		};
		76F6E6272A5CF3650087C063 /* MainTableViewController */ = {
			isa = PBXGroup;
			children = (
				762EBFD02A716EAE008882B9 /* View */,
				762EBFCB2A714541008882B9 /* Model */,
				762EBFCA2A714532008882B9 /* Presenter */,
			);
			path = MainTableViewController;
			sourceTree = "<group>";
		};
		76F6E62E2A6CD00B0087C063 /* SigninVC */ = {
			isa = PBXGroup;
			children = (
				76F6E62F2A6CD01E0087C063 /* View */,
			);
			path = SigninVC;
			sourceTree = "<group>";
		};
		76F6E62F2A6CD01E0087C063 /* View */ = {
			isa = PBXGroup;
			children = (
				76F6E6322A6CD0AC0087C063 /* SigninViewController.swift */,
				76F6E6362A6CD7FF0087C063 /* SigninViewController.storyboard */,
			);
			path = View;
			sourceTree = "<group>";
		};
		76FF55152A41F09C001C500F = {
			isa = PBXGroup;
			children = (
				76F6E62E2A6CD00B0087C063 /* SigninVC */,
				76F6E6272A5CF3650087C063 /* MainTableViewController */,
				76F6E6212A5CF2130087C063 /* AddTavleViewController */,
				76FF55202A41F09C001C500F /* MemoCalendar */,
				76FF551F2A41F09C001C500F /* Products */,
				F2AA6116884EBCA9F2718941 /* Pods */,
				C189647BA77D31172803DDF7 /* Frameworks */,
			);
			sourceTree = "<group>";
		};
		76FF551F2A41F09C001C500F /* Products */ = {
			isa = PBXGroup;
			children = (
				76FF551E2A41F09C001C500F /* MemoCalendar.app */,
			);
			name = Products;
			sourceTree = "<group>";
		};
		76FF55202A41F09C001C500F /* MemoCalendar */ = {
			isa = PBXGroup;
			children = (
				76B139412A6D373100B2518E /* ja.lproj */,
				76B1393A2A6D2B0A00B2518E /* GoogleService-Info.plist */,
				76F6E62A2A6520250087C063 /* MemoCalendar.entitlements */,
				76FF55212A41F09C001C500F /* AppDelegate.swift */,
				76FF55232A41F09C001C500F /* SceneDelegate.swift */,
				76FF552A2A41F09F001C500F /* Assets.xcassets */,
				76FF552C2A41F09F001C500F /* LaunchScreen.storyboard */,
				76FF552F2A41F09F001C500F /* Info.plist */,
				76F6E62B2A652BD50087C063 /* MemoCalendarAppCheck.swift */,
			);
			path = MemoCalendar;
			sourceTree = "<group>";
		};
		C189647BA77D31172803DDF7 /* Frameworks */ = {
			isa = PBXGroup;
			children = (
				CF26F6B2B9F6FCAC9AAA616B /* Pods_MemoCalendar.framework */,
			);
			name = Frameworks;
			sourceTree = "<group>";
		};
		F2AA6116884EBCA9F2718941 /* Pods */ = {
			isa = PBXGroup;
			children = (
				526CE15DB937DE2B2B0CA481 /* Pods-MemoCalendar.debug.xcconfig */,
				7E60496D47B892E905D0BAC9 /* Pods-MemoCalendar.release.xcconfig */,
			);
			path = Pods;
			sourceTree = "<group>";
		};
/* End PBXGroup section */

/* Begin PBXNativeTarget section */
		76FF551D2A41F09C001C500F /* MemoCalendar */ = {
			isa = PBXNativeTarget;
			buildConfigurationList = 76FF55322A41F09F001C500F /* Build configuration list for PBXNativeTarget "MemoCalendar" */;
			buildPhases = (
				9EB69F1319F7054289542FD9 /* [CP] Check Pods Manifest.lock */,
				76FF551A2A41F09C001C500F /* Sources */,
				76FF551B2A41F09C001C500F /* Frameworks */,
				76FF551C2A41F09C001C500F /* Resources */,
				CD1D6F7C7B4AD46F9D954E85 /* [CP] Embed Pods Frameworks */,
			);
			buildRules = (
			);
			dependencies = (
			);
			name = MemoCalendar;
			productName = MemoCalendar;
			productReference = 76FF551E2A41F09C001C500F /* MemoCalendar.app */;
			productType = "com.apple.product-type.application";
		};
/* End PBXNativeTarget section */

/* Begin PBXProject section */
		76FF55162A41F09C001C500F /* Project object */ = {
			isa = PBXProject;
			attributes = {
				BuildIndependentTargetsInParallel = 1;
				LastSwiftUpdateCheck = 1430;
				LastUpgradeCheck = 1430;
				TargetAttributes = {
					76FF551D2A41F09C001C500F = {
						CreatedOnToolsVersion = 14.3.1;
					};
				};
			};
			buildConfigurationList = 76FF55192A41F09C001C500F /* Build configuration list for PBXProject "MemoCalendar" */;
			compatibilityVersion = "Xcode 14.0";
			developmentRegion = en;
			hasScannedForEncodings = 0;
			knownRegions = (
				en,
				Base,
			);
			mainGroup = 76FF55152A41F09C001C500F;
			productRefGroup = 76FF551F2A41F09C001C500F /* Products */;
			projectDirPath = "";
			projectRoot = "";
			targets = (
				76FF551D2A41F09C001C500F /* MemoCalendar */,
			);
		};
/* End PBXProject section */

/* Begin PBXResourcesBuildPhase section */
		76FF551C2A41F09C001C500F /* Resources */ = {
			isa = PBXResourcesBuildPhase;
			buildActionMask = 2147483647;
			files = (
				76FF552E2A41F09F001C500F /* LaunchScreen.storyboard in Resources */,
				76B139402A6D371B00B2518E /* Localizable.strings(Japanese) in Resources */,
				762EBFD52A72CDF7008882B9 /* SerectDataTableViewCell.xib in Resources */,
				76F6E6262A5CF2F00087C063 /* AddTableViewCell.xib in Resources */,
				76D57F352A4961CC0090DE94 /* HiruTableViewCell.xib in Resources */,
				76FF552B2A41F09F001C500F /* Assets.xcassets in Resources */,
				76FF55382A428D20001C500F /* DayTableViewCell.xib in Resources */,
				76FF55292A41F09C001C500F /* Main.storyboard in Resources */,
				76F6E6372A6CD7FF0087C063 /* SigninViewController.storyboard in Resources */,
				762E1F1C2A51B5B000E1DFCC /* TableViewController.storyboard in Resources */,
				76B1393B2A6D2B0B00B2518E /* GoogleService-Info.plist in Resources */,
				76D57F312A4961890090DE94 /* AsaTableViewCell.xib in Resources */,
				76D57F392A4961E70090DE94 /* YoruTableViewCell.xib in Resources */,
			);
			runOnlyForDeploymentPostprocessing = 0;
		};
/* End PBXResourcesBuildPhase section */

/* Begin PBXShellScriptBuildPhase section */
		9EB69F1319F7054289542FD9 /* [CP] Check Pods Manifest.lock */ = {
			isa = PBXShellScriptBuildPhase;
			buildActionMask = 2147483647;
			files = (
			);
			inputFileListPaths = (
			);
			inputPaths = (
				"${PODS_PODFILE_DIR_PATH}/Podfile.lock",
				"${PODS_ROOT}/Manifest.lock",
			);
			name = "[CP] Check Pods Manifest.lock";
			outputFileListPaths = (
			);
			outputPaths = (
				"$(DERIVED_FILE_DIR)/Pods-MemoCalendar-checkManifestLockResult.txt",
			);
			runOnlyForDeploymentPostprocessing = 0;
			shellPath = /bin/sh;
			shellScript = "diff \"${PODS_PODFILE_DIR_PATH}/Podfile.lock\" \"${PODS_ROOT}/Manifest.lock\" > /dev/null\nif [ $? != 0 ] ; then\n    # print error to STDERR\n    echo \"error: The sandbox is not in sync with the Podfile.lock. Run 'pod install' or update your CocoaPods installation.\" >&2\n    exit 1\nfi\n# This output is used by Xcode 'outputs' to avoid re-running this script phase.\necho \"SUCCESS\" > \"${SCRIPT_OUTPUT_FILE_0}\"\n";
			showEnvVarsInLog = 0;
		};
		CD1D6F7C7B4AD46F9D954E85 /* [CP] Embed Pods Frameworks */ = {
			isa = PBXShellScriptBuildPhase;
			buildActionMask = 2147483647;
			files = (
			);
			inputFileListPaths = (
				"${PODS_ROOT}/Target Support Files/Pods-MemoCalendar/Pods-MemoCalendar-frameworks-${CONFIGURATION}-input-files.xcfilelist",
			);
			name = "[CP] Embed Pods Frameworks";
			outputFileListPaths = (
				"${PODS_ROOT}/Target Support Files/Pods-MemoCalendar/Pods-MemoCalendar-frameworks-${CONFIGURATION}-output-files.xcfilelist",
			);
			runOnlyForDeploymentPostprocessing = 0;
			shellPath = /bin/sh;
			shellScript = "\"${PODS_ROOT}/Target Support Files/Pods-MemoCalendar/Pods-MemoCalendar-frameworks.sh\"\n";
			showEnvVarsInLog = 0;
		};
/* End PBXShellScriptBuildPhase section */

/* Begin PBXSourcesBuildPhase section */
		76FF551A2A41F09C001C500F /* Sources */ = {
			isa = PBXSourcesBuildPhase;
			buildActionMask = 2147483647;
			files = (
				76F6E6342A6CD0AC0087C063 /* SigninViewController.swift in Sources */,
				76FF55262A41F09C001C500F /* ViewController.swift in Sources */,
				76F6E6252A5CF2F00087C063 /* AddTableViewCell.swift in Sources */,
				76FF55222A41F09C001C500F /* AppDelegate.swift in Sources */,
				762EBFCD2A71455A008882B9 /* ViewPresenter.swift in Sources */,
				76FF55372A428D20001C500F /* DayTableViewCell.swift in Sources */,
				762E1F172A51B43500E1DFCC /* TableViewController.swift in Sources */,
				76D57F342A4961CC0090DE94 /* HiruTableViewCell.swift in Sources */,
				76F6E62C2A652BD50087C063 /* MemoCalendarAppCheck.swift in Sources */,
				76F6E6292A5CF4F00087C063 /* SearchFoodPresenter.swift in Sources */,
				762EBFCF2A71456D008882B9 /* ViewModel.swift in Sources */,
				762EBFC92A70D616008882B9 /* SerectFood.swift in Sources */,
				76F6E6202A5956650087C063 /* SearchFood.swift in Sources */,
				76D57F382A4961E70090DE94 /* YoruTableViewCell.swift in Sources */,
				76D57F302A4961890090DE94 /* AsaTableViewCell.swift in Sources */,
				762EBFD42A72CDF7008882B9 /* SerectDataTableViewCell.swift in Sources */,
				762E1F1E2A526CAE00E1DFCC /* Cell_touch_event.swift in Sources */,
				76FF55242A41F09C001C500F /* SceneDelegate.swift in Sources */,
			);
			runOnlyForDeploymentPostprocessing = 0;
		};
/* End PBXSourcesBuildPhase section */

/* Begin PBXVariantGroup section */
		76FF55272A41F09C001C500F /* Main.storyboard */ = {
			isa = PBXVariantGroup;
			children = (
				76FF55282A41F09C001C500F /* Base */,
			);
			name = Main.storyboard;
			sourceTree = "<group>";
		};
		76FF552C2A41F09F001C500F /* LaunchScreen.storyboard */ = {
			isa = PBXVariantGroup;
			children = (
				76FF552D2A41F09F001C500F /* Base */,
			);
			name = LaunchScreen.storyboard;
			sourceTree = "<group>";
		};
/* End PBXVariantGroup section */

/* Begin XCBuildConfiguration section */
		76FF55302A41F09F001C500F /* Debug */ = {
			isa = XCBuildConfiguration;
			buildSettings = {
				ALWAYS_SEARCH_USER_PATHS = NO;
				CLANG_ANALYZER_NONNULL = YES;
				CLANG_ANALYZER_NUMBER_OBJECT_CONVERSION = YES_AGGRESSIVE;
				CLANG_CXX_LANGUAGE_STANDARD = "gnu++20";
				CLANG_ENABLE_MODULES = YES;
				CLANG_ENABLE_OBJC_ARC = YES;
				CLANG_ENABLE_OBJC_WEAK = YES;
				CLANG_WARN_BLOCK_CAPTURE_AUTORELEASING = YES;
				CLANG_WARN_BOOL_CONVERSION = YES;
				CLANG_WARN_COMMA = YES;
				CLANG_WARN_CONSTANT_CONVERSION = YES;
				CLANG_WARN_DEPRECATED_OBJC_IMPLEMENTATIONS = YES;
				CLANG_WARN_DIRECT_OBJC_ISA_USAGE = YES_ERROR;
				CLANG_WARN_DOCUMENTATION_COMMENTS = YES;
				CLANG_WARN_EMPTY_BODY = YES;
				CLANG_WARN_ENUM_CONVERSION = YES;
				CLANG_WARN_INFINITE_RECURSION = YES;
				CLANG_WARN_INT_CONVERSION = YES;
				CLANG_WARN_NON_LITERAL_NULL_CONVERSION = YES;
				CLANG_WARN_OBJC_IMPLICIT_RETAIN_SELF = YES;
				CLANG_WARN_OBJC_LITERAL_CONVERSION = YES;
				CLANG_WARN_OBJC_ROOT_CLASS = YES_ERROR;
				CLANG_WARN_QUOTED_INCLUDE_IN_FRAMEWORK_HEADER = YES;
				CLANG_WARN_RANGE_LOOP_ANALYSIS = YES;
				CLANG_WARN_STRICT_PROTOTYPES = YES;
				CLANG_WARN_SUSPICIOUS_MOVE = YES;
				CLANG_WARN_UNGUARDED_AVAILABILITY = YES_AGGRESSIVE;
				CLANG_WARN_UNREACHABLE_CODE = YES;
				CLANG_WARN__DUPLICATE_METHOD_MATCH = YES;
				COPY_PHASE_STRIP = NO;
				DEBUG_INFORMATION_FORMAT = dwarf;
				ENABLE_STRICT_OBJC_MSGSEND = YES;
				ENABLE_TESTABILITY = YES;
				GCC_C_LANGUAGE_STANDARD = gnu11;
				GCC_DYNAMIC_NO_PIC = NO;
				GCC_NO_COMMON_BLOCKS = YES;
				GCC_OPTIMIZATION_LEVEL = 0;
				GCC_PREPROCESSOR_DEFINITIONS = (
					"DEBUG=1",
					"$(inherited)",
				);
				GCC_WARN_64_TO_32_BIT_CONVERSION = YES;
				GCC_WARN_ABOUT_RETURN_TYPE = YES_ERROR;
				GCC_WARN_UNDECLARED_SELECTOR = YES;
				GCC_WARN_UNINITIALIZED_AUTOS = YES_AGGRESSIVE;
				GCC_WARN_UNUSED_FUNCTION = YES;
				GCC_WARN_UNUSED_VARIABLE = YES;
				IPHONEOS_DEPLOYMENT_TARGET = 16.4;
				MTL_ENABLE_DEBUG_INFO = INCLUDE_SOURCE;
				MTL_FAST_MATH = YES;
				ONLY_ACTIVE_ARCH = YES;
				SDKROOT = iphoneos;
				SWIFT_ACTIVE_COMPILATION_CONDITIONS = DEBUG;
				SWIFT_OPTIMIZATION_LEVEL = "-Onone";
			};
			name = Debug;
		};
		76FF55312A41F09F001C500F /* Release */ = {
			isa = XCBuildConfiguration;
			buildSettings = {
				ALWAYS_SEARCH_USER_PATHS = NO;
				CLANG_ANALYZER_NONNULL = YES;
				CLANG_ANALYZER_NUMBER_OBJECT_CONVERSION = YES_AGGRESSIVE;
				CLANG_CXX_LANGUAGE_STANDARD = "gnu++20";
				CLANG_ENABLE_MODULES = YES;
				CLANG_ENABLE_OBJC_ARC = YES;
				CLANG_ENABLE_OBJC_WEAK = YES;
				CLANG_WARN_BLOCK_CAPTURE_AUTORELEASING = YES;
				CLANG_WARN_BOOL_CONVERSION = YES;
				CLANG_WARN_COMMA = YES;
				CLANG_WARN_CONSTANT_CONVERSION = YES;
				CLANG_WARN_DEPRECATED_OBJC_IMPLEMENTATIONS = YES;
				CLANG_WARN_DIRECT_OBJC_ISA_USAGE = YES_ERROR;
				CLANG_WARN_DOCUMENTATION_COMMENTS = YES;
				CLANG_WARN_EMPTY_BODY = YES;
				CLANG_WARN_ENUM_CONVERSION = YES;
				CLANG_WARN_INFINITE_RECURSION = YES;
				CLANG_WARN_INT_CONVERSION = YES;
				CLANG_WARN_NON_LITERAL_NULL_CONVERSION = YES;
				CLANG_WARN_OBJC_IMPLICIT_RETAIN_SELF = YES;
				CLANG_WARN_OBJC_LITERAL_CONVERSION = YES;
				CLANG_WARN_OBJC_ROOT_CLASS = YES_ERROR;
				CLANG_WARN_QUOTED_INCLUDE_IN_FRAMEWORK_HEADER = YES;
				CLANG_WARN_RANGE_LOOP_ANALYSIS = YES;
				CLANG_WARN_STRICT_PROTOTYPES = YES;
				CLANG_WARN_SUSPICIOUS_MOVE = YES;
				CLANG_WARN_UNGUARDED_AVAILABILITY = YES_AGGRESSIVE;
				CLANG_WARN_UNREACHABLE_CODE = YES;
				CLANG_WARN__DUPLICATE_METHOD_MATCH = YES;
				COPY_PHASE_STRIP = NO;
				DEBUG_INFORMATION_FORMAT = "dwarf-with-dsym";
				ENABLE_NS_ASSERTIONS = NO;
				ENABLE_STRICT_OBJC_MSGSEND = YES;
				GCC_C_LANGUAGE_STANDARD = gnu11;
				GCC_NO_COMMON_BLOCKS = YES;
				GCC_WARN_64_TO_32_BIT_CONVERSION = YES;
				GCC_WARN_ABOUT_RETURN_TYPE = YES_ERROR;
				GCC_WARN_UNDECLARED_SELECTOR = YES;
				GCC_WARN_UNINITIALIZED_AUTOS = YES_AGGRESSIVE;
				GCC_WARN_UNUSED_FUNCTION = YES;
				GCC_WARN_UNUSED_VARIABLE = YES;
				IPHONEOS_DEPLOYMENT_TARGET = 16.4;
				MTL_ENABLE_DEBUG_INFO = NO;
				MTL_FAST_MATH = YES;
				SDKROOT = iphoneos;
				SWIFT_COMPILATION_MODE = wholemodule;
				SWIFT_OPTIMIZATION_LEVEL = "-O";
				VALIDATE_PRODUCT = YES;
			};
			name = Release;
		};
		76FF55332A41F09F001C500F /* Debug */ = {
			isa = XCBuildConfiguration;
			baseConfigurationReference = 526CE15DB937DE2B2B0CA481 /* Pods-MemoCalendar.debug.xcconfig */;
			buildSettings = {
				ASSETCATALOG_COMPILER_APPICON_NAME = AppIcon;
				ASSETCATALOG_COMPILER_GLOBAL_ACCENT_COLOR_NAME = AccentColor;
				CODE_SIGN_ENTITLEMENTS = MemoCalendar/MemoCalendar.entitlements;
				CODE_SIGN_IDENTITY = "Apple Development";
				CODE_SIGN_STYLE = Automatic;
				CURRENT_PROJECT_VERSION = 1;
				DEVELOPMENT_TEAM = 58ZU762N3F;
				GENERATE_INFOPLIST_FILE = YES;
				INFOPLIST_FILE = MemoCalendar/Info.plist;
				INFOPLIST_KEY_UIApplicationSupportsIndirectInputEvents = YES;
				INFOPLIST_KEY_UILaunchStoryboardName = LaunchScreen;
				INFOPLIST_KEY_UISupportedInterfaceOrientations = UIInterfaceOrientationPortrait;
				INFOPLIST_KEY_UIUserInterfaceStyle = Light;
				LD_RUNPATH_SEARCH_PATHS = (
					"$(inherited)",
					"@executable_path/Frameworks",
				);
				MARKETING_VERSION = 1.0;
				PRODUCT_BUNDLE_IDENTIFIER = fuji3.example.MemoCalendar;
				PRODUCT_NAME = "$(TARGET_NAME)";
				PROVISIONING_PROFILE_SPECIFIER = "";
				SUPPORTED_PLATFORMS = "iphoneos iphonesimulator";
				SUPPORTS_MACCATALYST = NO;
				SUPPORTS_MAC_DESIGNED_FOR_IPHONE_IPAD = NO;
				SWIFT_EMIT_LOC_STRINGS = YES;
				SWIFT_VERSION = 5.0;
				TARGETED_DEVICE_FAMILY = 1;
			};
			name = Debug;
		};
		76FF55342A41F09F001C500F /* Release */ = {
			isa = XCBuildConfiguration;
			baseConfigurationReference = 7E60496D47B892E905D0BAC9 /* Pods-MemoCalendar.release.xcconfig */;
			buildSettings = {
				ASSETCATALOG_COMPILER_APPICON_NAME = AppIcon;
				ASSETCATALOG_COMPILER_GLOBAL_ACCENT_COLOR_NAME = AccentColor;
				CODE_SIGN_ENTITLEMENTS = MemoCalendar/MemoCalendar.entitlements;
				CODE_SIGN_IDENTITY = "Apple Development";
				CODE_SIGN_STYLE = Automatic;
				CURRENT_PROJECT_VERSION = 1;
				DEVELOPMENT_TEAM = 58ZU762N3F;
				GENERATE_INFOPLIST_FILE = YES;
				INFOPLIST_FILE = MemoCalendar/Info.plist;
				INFOPLIST_KEY_UIApplicationSupportsIndirectInputEvents = YES;
				INFOPLIST_KEY_UILaunchStoryboardName = LaunchScreen;
				INFOPLIST_KEY_UISupportedInterfaceOrientations = UIInterfaceOrientationPortrait;
				INFOPLIST_KEY_UIUserInterfaceStyle = Light;
				LD_RUNPATH_SEARCH_PATHS = (
					"$(inherited)",
					"@executable_path/Frameworks",
				);
				MARKETING_VERSION = 1.0;
				PRODUCT_BUNDLE_IDENTIFIER = fuji3.example.MemoCalendar;
				PRODUCT_NAME = "$(TARGET_NAME)";
				PROVISIONING_PROFILE_SPECIFIER = "";
				SUPPORTED_PLATFORMS = "iphoneos iphonesimulator";
				SUPPORTS_MACCATALYST = NO;
				SUPPORTS_MAC_DESIGNED_FOR_IPHONE_IPAD = NO;
				SWIFT_EMIT_LOC_STRINGS = YES;
				SWIFT_VERSION = 5.0;
				TARGETED_DEVICE_FAMILY = 1;
			};
			name = Release;
		};
/* End XCBuildConfiguration section */

/* Begin XCConfigurationList section */
		76FF55192A41F09C001C500F /* Build configuration list for PBXProject "MemoCalendar" */ = {
			isa = XCConfigurationList;
			buildConfigurations = (
				76FF55302A41F09F001C500F /* Debug */,
				76FF55312A41F09F001C500F /* Release */,
			);
			defaultConfigurationIsVisible = 0;
			defaultConfigurationName = Release;
		};
		76FF55322A41F09F001C500F /* Build configuration list for PBXNativeTarget "MemoCalendar" */ = {
			isa = XCConfigurationList;
			buildConfigurations = (
				76FF55332A41F09F001C500F /* Debug */,
				76FF55342A41F09F001C500F /* Release */,
			);
			defaultConfigurationIsVisible = 0;
			defaultConfigurationName = Release;
		};
/* End XCConfigurationList section */
	};
	rootObject = 76FF55162A41F09C001C500F /* Project object */;
}
